{
  "name": "github-bot",
  "version": "1.0.0",
  "lockfileVersion": 1,
  "requires": true,
  "dependencies": {
    "babel-runtime": {
      "version": "6.26.0",
      "resolved": "https://registry.npm.taobao.org/babel-runtime/download/babel-runtime-6.26.0.tgz",
      "integrity": "sha1-llxwWGaOgrVde/4E/yM3vItWR/4=",
      "requires": {
        "core-js": "^2.4.0",
        "regenerator-runtime": "^0.11.0"
      }
    },
    "core-js": {
      "version": "2.6.11",
      "resolved": "https://registry.npm.taobao.org/core-js/download/core-js-2.6.11.tgz?cache=0&sync_timestamp=1586451159347&other_urls=https%3A%2F%2Fregistry.npm.taobao.org%2Fcore-js%2Fdownload%2Fcore-js-2.6.11.tgz",
      "integrity": "sha1-OIMUafmSK97Y7iHJ3EaYXgOZMIw="
    },
    "debug": {
      "version": "4.1.1",
      "resolved": "https://registry.npm.taobao.org/debug/download/debug-4.1.1.tgz?cache=0&sync_timestamp=1589925324092&other_urls=https%3A%2F%2Fregistry.npm.taobao.org%2Fdebug%2Fdownload%2Fdebug-4.1.1.tgz",
      "integrity": "sha1-O3ImAlUQnGtYnO4FDx1RYTlmR5E=",
      "requires": {
        "ms": "^2.1.1"
      }
    },
    "graceful-fs": {
      "version": "4.2.4",
      "resolved": "https://registry.npm.taobao.org/graceful-fs/download/graceful-fs-4.2.4.tgz?cache=0&sync_timestamp=1588086905523&other_urls=https%3A%2F%2Fregistry.npm.taobao.org%2Fgraceful-fs%2Fdownload%2Fgraceful-fs-4.2.4.tgz",
      "integrity": "sha1-Ila94U02MpWMRl68ltxGfKB6Kfs=",
      "optional": true
    },
    "jsonfile": {
      "version": "5.0.0",
      "resolved": "https://registry.npm.taobao.org/jsonfile/download/jsonfile-5.0.0.tgz?cache=0&sync_timestamp=1583594052440&other_urls=https%3A%2F%2Fregistry.npm.taobao.org%2Fjsonfile%2Fdownload%2Fjsonfile-5.0.0.tgz",
      "integrity": "sha1-5rcY9z2kINYSgjmW/fFKA/b/aSI=",
      "requires": {
        "graceful-fs": "^4.1.6",
        "universalify": "^0.1.2"
      }
    },
    "moment": {
      "version": "2.29.2",
      "resolved": "https://registry.npmjs.org/moment/-/moment-2.29.2.tgz",
      "integrity": "sha512-UgzG4rvxYpN15jgCmVJwac49h9ly9NurikMWGPdVxm8GZD6XjkKPxDTjQQ43gtGgnV3X0cAyWDdP2Wexoquifg=="
    },
    "ms": {
      "version": "2.1.2",
      "resolved": "https://registry.npm.taobao.org/ms/download/ms-2.1.2.tgz",
      "integrity": "sha1-0J0fNXtEP0kzgqjrPM0YOHKuYAk="
    },
    "ow": {
      "version": "0.4.0",
      "resolved": "https://registry.npm.taobao.org/ow/download/ow-0.4.0.tgz",
      "integrity": "sha1-EZqEbSNzjOEWdzMf74o/vgGesFs="
    },
    "ow-lite": {
      "version": "0.0.2",
      "resolved": "https://registry.npm.taobao.org/ow-lite/download/ow-lite-0.0.2.tgz",
      "integrity": "sha1-359QDmdAtlkKHpqWVzDUmo61l9E="
    },
    "random": {
      "version": "2.2.0",
      "resolved": "https://registry.npm.taobao.org/random/download/random-2.2.0.tgz",
      "integrity": "sha1-oCzZIOL1BxOtgHCzt2wBQ5zFHBw=",
      "requires": {
        "babel-runtime": "^6.26.0",
        "ow": "^0.4.0",
        "ow-lite": "^0.0.2",
        "seedrandom": "^3.0.5"
      }
    },
    "regenerator-runtime": {
      "version": "0.11.1",
      "resolved": "https://registry.npm.taobao.org/regenerator-runtime/download/regenerator-runtime-0.11.1.tgz",
      "integrity": "sha1-vgWtf5v30i4Fb5cmzuUBf78Z4uk="
    },
    "seedrandom": {
      "version": "3.0.5",
      "resolved": "https://registry.npm.taobao.org/seedrandom/download/seedrandom-3.0.5.tgz",
      "integrity": "sha1-VO3IXJUiJSWwx6b2s1Q9jgs6oKc="
    },
    "simple-git": {
      "version": "1.132.0",
      "resolved": "https://registry.npm.taobao.org/simple-git/download/simple-git-1.132.0.tgz?cache=0&sync_timestamp=1594186590973&other_urls=https%3A%2F%2Fregistry.npm.taobao.org%2Fsimple-git%2Fdownload%2Fsimple-git-1.132.0.tgz",
      "integrity": "sha1-U6xMXsnnTjfC/UYeIzCfIvzfCbE=",
      "requires": {
        "debug": "^4.0.1"
      }
    },
    "universalify": {
      "version": "0.1.2",
      "resolved": "https://registry.npm.taobao.org/universalify/download/universalify-0.1.2.tgz",
      "integrity": "sha1-tkb2m+OULavOzJ1mOcgNwQXvqmY="
    }
  }
}
